
Microsoft Visual Studio Solution File, Format Version 12.00
# Visual Studio Version 17
VisualStudioVersion = 17.2.32616.157
MinimumVisualStudioVersion = 10.0.40219.1
Project("{9A19103F-16F7-4668-BE54-9A1E7A4F7556}") = "Avansas.UI", "Avansas.UI\Avansas.UI.csproj", "{9DD6B31F-7CDD-4AE5-8ABF-7769BA67A3A7}"
EndProject
Project("{FAE04EC0-301F-11D3-BF4B-00C04F79EFBC}") = "Avansas.BusinessLayer", "Avansas.BusinessLayer\Avansas.BusinessLayer.csproj", "{A726B53F-74AF-49E7-9DA0-7821E7C6B775}"
EndProject
Project("{FAE04EC0-301F-11D3-BF4B-00C04F79EFBC}") = "Avansas.DataAccessLayer", "Avansas.DataAccessLayer\Avansas.DataAccessLayer.csproj", "{BD576C7D-79C2-458D-9457-593EB189FB61}"
EndProject
Project("{FAE04EC0-301F-11D3-BF4B-00C04F79EFBC}") = "Avansas.EntityLayer", "Avansas.EntityLayer\Avansas.EntityLayer.csproj", "{CCAA7389-032D-4AF2-9AE5-8EE14FDD9A5F}"
EndProject
Global
	GlobalSection(SolutionConfigurationPlatforms) = preSolution
		Debug|Any CPU = Debug|Any CPU
		Release|Any CPU = Release|Any CPU
	EndGlobalSection
	GlobalSection(ProjectConfigurationPlatforms) = postSolution
		{9DD6B31F-7CDD-4AE5-8ABF-7769BA67A3A7}.Debug|Any CPU.ActiveCfg = Debug|Any CPU
		{9DD6B31F-7CDD-4AE5-8ABF-7769BA67A3A7}.Debug|Any CPU.Build.0 = Debug|Any CPU
		{9DD6B31F-7CDD-4AE5-8ABF-7769BA67A3A7}.Release|Any CPU.ActiveCfg = Release|Any CPU
		{9DD6B31F-7CDD-4AE5-8ABF-7769BA67A3A7}.Release|Any CPU.Build.0 = Release|Any CPU
		{A726B53F-74AF-49E7-9DA0-7821E7C6B775}.Debug|Any CPU.ActiveCfg = Debug|Any CPU
		{A726B53F-74AF-49E7-9DA0-7821E7C6B775}.Debug|Any CPU.Build.0 = Debug|Any CPU
		{A726B53F-74AF-49E7-9DA0-7821E7C6B775}.Release|Any CPU.ActiveCfg = Release|Any CPU
		{A726B53F-74AF-49E7-9DA0-7821E7C6B775}.Release|Any CPU.Build.0 = Release|Any CPU
		{BD576C7D-79C2-458D-9457-593EB189FB61}.Debug|Any CPU.ActiveCfg = Debug|Any CPU
		{BD576C7D-79C2-458D-9457-593EB189FB61}.Debug|Any CPU.Build.0 = Debug|Any CPU
		{BD576C7D-79C2-458D-9457-593EB189FB61}.Release|Any CPU.ActiveCfg = Release|Any CPU
		{BD576C7D-79C2-458D-9457-593EB189FB61}.Release|Any CPU.Build.0 = Release|Any CPU
		{CCAA7389-032D-4AF2-9AE5-8EE14FDD9A5F}.Debug|Any CPU.ActiveCfg = Debug|Any CPU
		{CCAA7389-032D-4AF2-9AE5-8EE14FDD9A5F}.Debug|Any CPU.Build.0 = Debug|Any CPU
		{CCAA7389-032D-4AF2-9AE5-8EE14FDD9A5F}.Release|Any CPU.ActiveCfg = Release|Any CPU
		{CCAA7389-032D-4AF2-9AE5-8EE14FDD9A5F}.Release|Any CPU.Build.0 = Release|Any CPU
	EndGlobalSection
	GlobalSection(SolutionProperties) = preSolution
		HideSolutionNode = FALSE
	EndGlobalSection
	GlobalSection(ExtensibilityGlobals) = postSolution
		SolutionGuid = {0E2A3623-EDF9-45FE-A46C-7C5DD46AB2C4}
	EndGlobalSection
EndGlobal
